
Microsoft Visual Studio Solution File, Format Version 11.00
# Visual Studio 2010
Project("{FAE04EC0-301F-11D3-BF4B-00C04F79EFBC}") = "Assembly-CSharp", "Assembly-CSharp.csproj", "{4C2073AB-109B-B70C-6379-BA64CC1FD472}"
EndProject
Project("{FAE04EC0-301F-11D3-BF4B-00C04F79EFBC}") = "UniRx.Async", "UniRx.Async.csproj", "{839D682A-2180-45B6-9758-38563FFE4B41}"
EndProject
Project("{FAE04EC0-301F-11D3-BF4B-00C04F79EFBC}") = "Unity.RenderPipelines.HighDefinition.Config.Runtime", "Unity.RenderPipelines.HighDefinition.Config.Runtime.csproj", "{80145724-FE28-C330-4299-8448E2C45FAB}"
EndProject
Project("{FAE04EC0-301F-11D3-BF4B-00C04F79EFBC}") = "UniRx.Async.Editor", "UniRx.Async.Editor.csproj", "{9E8A9035-47F2-6B34-C73B-5077874B07A4}"
EndProject
Project("{FAE04EC0-301F-11D3-BF4B-00C04F79EFBC}") = "Assembly-CSharp-Editor", "Assembly-CSharp-Editor.csproj", "{B92EC643-F0F4-DD91-137E-8E37D7538ED0}"
EndProject
Global
	GlobalSection(SolutionConfigurationPlatforms) = preSolution
		Debug|Any CPU = Debug|Any CPU
		Release|Any CPU = Release|Any CPU
	EndGlobalSection
	GlobalSection(ProjectConfigurationPlatforms) = postSolution
		{4C2073AB-109B-B70C-6379-BA64CC1FD472}.Debug|Any CPU.ActiveCfg = Debug|Any CPU
		{4C2073AB-109B-B70C-6379-BA64CC1FD472}.Debug|Any CPU.Build.0 = Debug|Any CPU
		{4C2073AB-109B-B70C-6379-BA64CC1FD472}.Release|Any CPU.ActiveCfg = Release|Any CPU
		{4C2073AB-109B-B70C-6379-BA64CC1FD472}.Release|Any CPU.Build.0 = Release|Any CPU
		{839D682A-2180-45B6-9758-38563FFE4B41}.Debug|Any CPU.ActiveCfg = Debug|Any CPU
		{839D682A-2180-45B6-9758-38563FFE4B41}.Debug|Any CPU.Build.0 = Debug|Any CPU
		{839D682A-2180-45B6-9758-38563FFE4B41}.Release|Any CPU.ActiveCfg = Release|Any CPU
		{839D682A-2180-45B6-9758-38563FFE4B41}.Release|Any CPU.Build.0 = Release|Any CPU
		{80145724-FE28-C330-4299-8448E2C45FAB}.Debug|Any CPU.ActiveCfg = Debug|Any CPU
		{80145724-FE28-C330-4299-8448E2C45FAB}.Debug|Any CPU.Build.0 = Debug|Any CPU
		{80145724-FE28-C330-4299-8448E2C45FAB}.Release|Any CPU.ActiveCfg = Release|Any CPU
		{80145724-FE28-C330-4299-8448E2C45FAB}.Release|Any CPU.Build.0 = Release|Any CPU
		{9E8A9035-47F2-6B34-C73B-5077874B07A4}.Debug|Any CPU.ActiveCfg = Debug|Any CPU
		{9E8A9035-47F2-6B34-C73B-5077874B07A4}.Debug|Any CPU.Build.0 = Debug|Any CPU
		{9E8A9035-47F2-6B34-C73B-5077874B07A4}.Release|Any CPU.ActiveCfg = Release|Any CPU
		{9E8A9035-47F2-6B34-C73B-5077874B07A4}.Release|Any CPU.Build.0 = Release|Any CPU
		{B92EC643-F0F4-DD91-137E-8E37D7538ED0}.Debug|Any CPU.ActiveCfg = Debug|Any CPU
		{B92EC643-F0F4-DD91-137E-8E37D7538ED0}.Debug|Any CPU.Build.0 = Debug|Any CPU
		{B92EC643-F0F4-DD91-137E-8E37D7538ED0}.Release|Any CPU.ActiveCfg = Release|Any CPU
		{B92EC643-F0F4-DD91-137E-8E37D7538ED0}.Release|Any CPU.Build.0 = Release|Any CPU
	EndGlobalSection
	GlobalSection(SolutionProperties) = preSolution
		HideSolutionNode = FALSE
	EndGlobalSection
EndGlobal
