
Microsoft Visual Studio Solution File, Format Version 11.00
# Visual Studio 2010
Project("{FAE04EC0-301F-11D3-BF4B-00C04F79EFBC}") = "Assembly-CSharp", "Assembly-CSharp.csproj", "{ab73204c-9b10-0cb7-6379-ba64cc1fd472}"
EndProject
Project("{FAE04EC0-301F-11D3-BF4B-00C04F79EFBC}") = "UniRx.Async", "UniRx.Async.csproj", "{2a689d83-8021-b645-9758-38563ffe4b41}"
EndProject
Project("{FAE04EC0-301F-11D3-BF4B-00C04F79EFBC}") = "Unity.RenderPipelines.HighDefinition.Config.Runtime", "Unity.RenderPipelines.HighDefinition.Config.Runtime.csproj", "{24571480-28fe-30c3-4299-8448e2c45fab}"
EndProject
Project("{FAE04EC0-301F-11D3-BF4B-00C04F79EFBC}") = "Assembly-CSharp-Editor", "Assembly-CSharp-Editor.csproj", "{43c62eb9-f4f0-91dd-137e-8e37d7538ed0}"
EndProject
Project("{FAE04EC0-301F-11D3-BF4B-00C04F79EFBC}") = "UniRx.Async.Editor", "UniRx.Async.Editor.csproj", "{35908a9e-f247-346b-c73b-5077874b07a4}"
EndProject
Global
	GlobalSection(SolutionConfigurationPlatforms) = preSolution
		Debug|Any CPU = Debug|Any CPU
		Release|Any CPU = Release|Any CPU
	EndGlobalSection
	GlobalSection(ProjectConfigurationPlatforms) = postSolution
		{ab73204c-9b10-0cb7-6379-ba64cc1fd472}.Debug|Any CPU.ActiveCfg = Debug|Any CPU
		{ab73204c-9b10-0cb7-6379-ba64cc1fd472}.Debug|Any CPU.Build.0 = Debug|Any CPU
		{ab73204c-9b10-0cb7-6379-ba64cc1fd472}.Release|Any CPU.ActiveCfg = Release|Any CPU
		{ab73204c-9b10-0cb7-6379-ba64cc1fd472}.Release|Any CPU.Build.0 = Release|Any CPU
		{2a689d83-8021-b645-9758-38563ffe4b41}.Debug|Any CPU.ActiveCfg = Debug|Any CPU
		{2a689d83-8021-b645-9758-38563ffe4b41}.Debug|Any CPU.Build.0 = Debug|Any CPU
		{2a689d83-8021-b645-9758-38563ffe4b41}.Release|Any CPU.ActiveCfg = Release|Any CPU
		{2a689d83-8021-b645-9758-38563ffe4b41}.Release|Any CPU.Build.0 = Release|Any CPU
		{24571480-28fe-30c3-4299-8448e2c45fab}.Debug|Any CPU.ActiveCfg = Debug|Any CPU
		{24571480-28fe-30c3-4299-8448e2c45fab}.Debug|Any CPU.Build.0 = Debug|Any CPU
		{24571480-28fe-30c3-4299-8448e2c45fab}.Release|Any CPU.ActiveCfg = Release|Any CPU
		{24571480-28fe-30c3-4299-8448e2c45fab}.Release|Any CPU.Build.0 = Release|Any CPU
		{43c62eb9-f4f0-91dd-137e-8e37d7538ed0}.Debug|Any CPU.ActiveCfg = Debug|Any CPU
		{43c62eb9-f4f0-91dd-137e-8e37d7538ed0}.Debug|Any CPU.Build.0 = Debug|Any CPU
		{43c62eb9-f4f0-91dd-137e-8e37d7538ed0}.Release|Any CPU.ActiveCfg = Release|Any CPU
		{43c62eb9-f4f0-91dd-137e-8e37d7538ed0}.Release|Any CPU.Build.0 = Release|Any CPU
		{35908a9e-f247-346b-c73b-5077874b07a4}.Debug|Any CPU.ActiveCfg = Debug|Any CPU
		{35908a9e-f247-346b-c73b-5077874b07a4}.Debug|Any CPU.Build.0 = Debug|Any CPU
		{35908a9e-f247-346b-c73b-5077874b07a4}.Release|Any CPU.ActiveCfg = Release|Any CPU
		{35908a9e-f247-346b-c73b-5077874b07a4}.Release|Any CPU.Build.0 = Release|Any CPU
	EndGlobalSection
	GlobalSection(SolutionProperties) = preSolution
		HideSolutionNode = FALSE
	EndGlobalSection
EndGlobal
